
Microsoft Visual Studio Solution File, Format Version 12.00
# Visual Studio Version 17
VisualStudioVersion = 17.0.31903.59
MinimumVisualStudioVersion = 10.0.40219.1
Project("{FAE04EC0-301F-11D3-BF4B-00C04F79EFBC}") = "Ponavljanje3", "Ponavljanje3.csproj", "{4C49C9E8-5AE7-4CB7-926C-45ED5FBDBBB1}"
EndProject
Global
	GlobalSection(SolutionConfigurationPlatforms) = preSolution
		Debug|Any CPU = Debug|Any CPU
		Release|Any CPU = Release|Any CPU
	EndGlobalSection
	GlobalSection(ProjectConfigurationPlatforms) = postSolution
		{4C49C9E8-5AE7-4CB7-926C-45ED5FBDBBB1}.Debug|Any CPU.ActiveCfg = Debug|Any CPU
		{4C49C9E8-5AE7-4CB7-926C-45ED5FBDBBB1}.Debug|Any CPU.Build.0 = Debug|Any CPU
		{4C49C9E8-5AE7-4CB7-926C-45ED5FBDBBB1}.Release|Any CPU.ActiveCfg = Release|Any CPU
		{4C49C9E8-5AE7-4CB7-926C-45ED5FBDBBB1}.Release|Any CPU.Build.0 = Release|Any CPU
	EndGlobalSection
	GlobalSection(SolutionProperties) = preSolution
		HideSolutionNode = FALSE
	EndGlobalSection
	GlobalSection(ExtensibilityGlobals) = postSolution
		SolutionGuid = {0B329550-EE84-4EF1-8CFD-74508B9DAA13}
	EndGlobalSection
EndGlobal
